
Microsoft Visual Studio Solution File, Format Version 12.00
# Visual Studio Version 17
VisualStudioVersion = 17.5.33516.290
MinimumVisualStudioVersion = 10.0.40219.1
Project("{9A19103F-16F7-4668-BE54-9A1E7A4F7556}") = "FitPlannerAPI", "FitPlannerAPI\FitPlannerAPI.csproj", "{EE0AF0FD-DF90-470A-A22A-91C8274F34EF}"
EndProject
Project("{9A19103F-16F7-4668-BE54-9A1E7A4F7556}") = "FitPlannerAPI.Models", "FitPlannerAPI.Models\FitPlannerAPI.Models.csproj", "{03B4A3A3-4F60-40A3-AD56-345E7C3D0AD9}"
EndProject
Project("{9A19103F-16F7-4668-BE54-9A1E7A4F7556}") = "FitPlannerAPI.Repositories", "FitPlannerAPI.Repositories\FitPlannerAPI.Repositories.csproj", "{D194B42E-945D-4989-9EDA-D26F1B8318AA}"
EndProject
Project("{9A19103F-16F7-4668-BE54-9A1E7A4F7556}") = "FitPlannerAPI.DTO", "FitPlannerAPI.DTO\FitPlannerAPI.DTO.csproj", "{A64F0627-0F56-4327-8AC8-17A693FAC920}"
EndProject
Project("{9A19103F-16F7-4668-BE54-9A1E7A4F7556}") = "FitPlannerAPI.Services", "FitPlannerAPI.Services\FitPlannerAPI.Services.csproj", "{628BD4E8-B693-4260-9F38-A16FAA8494C3}"
EndProject
Global
	GlobalSection(SolutionConfigurationPlatforms) = preSolution
		Debug|Any CPU = Debug|Any CPU
		Release|Any CPU = Release|Any CPU
	EndGlobalSection
	GlobalSection(ProjectConfigurationPlatforms) = postSolution
		{EE0AF0FD-DF90-470A-A22A-91C8274F34EF}.Debug|Any CPU.ActiveCfg = Debug|Any CPU
		{EE0AF0FD-DF90-470A-A22A-91C8274F34EF}.Debug|Any CPU.Build.0 = Debug|Any CPU
		{EE0AF0FD-DF90-470A-A22A-91C8274F34EF}.Release|Any CPU.ActiveCfg = Release|Any CPU
		{EE0AF0FD-DF90-470A-A22A-91C8274F34EF}.Release|Any CPU.Build.0 = Release|Any CPU
		{03B4A3A3-4F60-40A3-AD56-345E7C3D0AD9}.Debug|Any CPU.ActiveCfg = Debug|Any CPU
		{03B4A3A3-4F60-40A3-AD56-345E7C3D0AD9}.Debug|Any CPU.Build.0 = Debug|Any CPU
		{03B4A3A3-4F60-40A3-AD56-345E7C3D0AD9}.Release|Any CPU.ActiveCfg = Release|Any CPU
		{03B4A3A3-4F60-40A3-AD56-345E7C3D0AD9}.Release|Any CPU.Build.0 = Release|Any CPU
		{D194B42E-945D-4989-9EDA-D26F1B8318AA}.Debug|Any CPU.ActiveCfg = Debug|Any CPU
		{D194B42E-945D-4989-9EDA-D26F1B8318AA}.Debug|Any CPU.Build.0 = Debug|Any CPU
		{D194B42E-945D-4989-9EDA-D26F1B8318AA}.Release|Any CPU.ActiveCfg = Release|Any CPU
		{D194B42E-945D-4989-9EDA-D26F1B8318AA}.Release|Any CPU.Build.0 = Release|Any CPU
		{A64F0627-0F56-4327-8AC8-17A693FAC920}.Debug|Any CPU.ActiveCfg = Debug|Any CPU
		{A64F0627-0F56-4327-8AC8-17A693FAC920}.Debug|Any CPU.Build.0 = Debug|Any CPU
		{A64F0627-0F56-4327-8AC8-17A693FAC920}.Release|Any CPU.ActiveCfg = Release|Any CPU
		{A64F0627-0F56-4327-8AC8-17A693FAC920}.Release|Any CPU.Build.0 = Release|Any CPU
		{628BD4E8-B693-4260-9F38-A16FAA8494C3}.Debug|Any CPU.ActiveCfg = Debug|Any CPU
		{628BD4E8-B693-4260-9F38-A16FAA8494C3}.Debug|Any CPU.Build.0 = Debug|Any CPU
		{628BD4E8-B693-4260-9F38-A16FAA8494C3}.Release|Any CPU.ActiveCfg = Release|Any CPU
		{628BD4E8-B693-4260-9F38-A16FAA8494C3}.Release|Any CPU.Build.0 = Release|Any CPU
	EndGlobalSection
	GlobalSection(SolutionProperties) = preSolution
		HideSolutionNode = FALSE
	EndGlobalSection
	GlobalSection(ExtensibilityGlobals) = postSolution
		SolutionGuid = {3D924779-6A27-4B55-ABE0-10ACFE77D117}
	EndGlobalSection
EndGlobal
